// !$*UTF8*$!
{
	archiveVersion = 1;
	classes = {
	};
	objectVersion = 56;
	objects = {

/* Begin PBXBuildFile section */
		1611B33829E560A700F4937F /* AppDelegate.swift in Sources */ = {isa = PBXBuildFile; fileRef = 1611B33729E560A700F4937F /* AppDelegate.swift */; };
		1611B33A29E560A700F4937F /* SceneDelegate.swift in Sources */ = {isa = PBXBuildFile; fileRef = 1611B33929E560A700F4937F /* SceneDelegate.swift */; };
		1611B33C29E560A700F4937F /* ViewController.swift in Sources */ = {isa = PBXBuildFile; fileRef = 1611B33B29E560A700F4937F /* ViewController.swift */; };
		1611B34129E560AC00F4937F /* Assets.xcassets in Resources */ = {isa = PBXBuildFile; fileRef = 1611B34029E560AC00F4937F /* Assets.xcassets */; };
		1611B34429E560AC00F4937F /* LaunchScreen.storyboard in Resources */ = {isa = PBXBuildFile; fileRef = 1611B34229E560AC00F4937F /* LaunchScreen.storyboard */; };
		1611B34C29E56C7800F4937F /* Extension.swift in Sources */ = {isa = PBXBuildFile; fileRef = 1611B34B29E56C7800F4937F /* Extension.swift */; };
		1611B34E29E5833000F4937F /* WhereTo.swift in Sources */ = {isa = PBXBuildFile; fileRef = 1611B34D29E5833000F4937F /* WhereTo.swift */; };
		1611B35029E6F6D100F4937F /* WhereFrom.swift in Sources */ = {isa = PBXBuildFile; fileRef = 1611B34F29E6F6D100F4937F /* WhereFrom.swift */; };
		1611B35229E81CED00F4937F /* ChooseCity.swift in Sources */ = {isa = PBXBuildFile; fileRef = 1611B35129E81CED00F4937F /* ChooseCity.swift */; };
		1611B35729E9C73E00F4937F /* Story.swift in Sources */ = {isa = PBXBuildFile; fileRef = 1611B35629E9C73E00F4937F /* Story.swift */; };
		1611B35929EA84D900F4937F /* APIManager.swift in Sources */ = {isa = PBXBuildFile; fileRef = 1611B35829EA84D900F4937F /* APIManager.swift */; };
/* End PBXBuildFile section */

/* Begin PBXFileReference section */
		1611B33429E560A700F4937F /* AviasalesApp.app */ = {isa = PBXFileReference; explicitFileType = wrapper.application; includeInIndex = 0; path = AviasalesApp.app; sourceTree = BUILT_PRODUCTS_DIR; };
		1611B33729E560A700F4937F /* AppDelegate.swift */ = {isa = PBXFileReference; lastKnownFileType = sourcecode.swift; path = AppDelegate.swift; sourceTree = "<group>"; };
		1611B33929E560A700F4937F /* SceneDelegate.swift */ = {isa = PBXFileReference; lastKnownFileType = sourcecode.swift; path = SceneDelegate.swift; sourceTree = "<group>"; };
		1611B33B29E560A700F4937F /* ViewController.swift */ = {isa = PBXFileReference; lastKnownFileType = sourcecode.swift; path = ViewController.swift; sourceTree = "<group>"; };
		1611B34029E560AC00F4937F /* Assets.xcassets */ = {isa = PBXFileReference; lastKnownFileType = folder.assetcatalog; path = Assets.xcassets; sourceTree = "<group>"; };
		1611B34329E560AC00F4937F /* Base */ = {isa = PBXFileReference; lastKnownFileType = file.storyboard; name = Base; path = Base.lproj/LaunchScreen.storyboard; sourceTree = "<group>"; };
		1611B34529E560AC00F4937F /* Info.plist */ = {isa = PBXFileReference; lastKnownFileType = text.plist.xml; path = Info.plist; sourceTree = "<group>"; };
		1611B34B29E56C7800F4937F /* Extension.swift */ = {isa = PBXFileReference; lastKnownFileType = sourcecode.swift; path = Extension.swift; sourceTree = "<group>"; };
		1611B34D29E5833000F4937F /* WhereTo.swift */ = {isa = PBXFileReference; lastKnownFileType = sourcecode.swift; path = WhereTo.swift; sourceTree = "<group>"; };
		1611B34F29E6F6D100F4937F /* WhereFrom.swift */ = {isa = PBXFileReference; lastKnownFileType = sourcecode.swift; path = WhereFrom.swift; sourceTree = "<group>"; };
		1611B35129E81CED00F4937F /* ChooseCity.swift */ = {isa = PBXFileReference; lastKnownFileType = sourcecode.swift; path = ChooseCity.swift; sourceTree = "<group>"; };
		1611B35629E9C73E00F4937F /* Story.swift */ = {isa = PBXFileReference; lastKnownFileType = sourcecode.swift; path = Story.swift; sourceTree = "<group>"; };
		1611B35829EA84D900F4937F /* APIManager.swift */ = {isa = PBXFileReference; lastKnownFileType = sourcecode.swift; path = APIManager.swift; sourceTree = "<group>"; };
/* End PBXFileReference section */

/* Begin PBXFrameworksBuildPhase section */
		1611B33129E560A700F4937F /* Frameworks */ = {
			isa = PBXFrameworksBuildPhase;
			buildActionMask = 2147483647;
			files = (
			);
			runOnlyForDeploymentPostprocessing = 0;
		};
/* End PBXFrameworksBuildPhase section */

/* Begin PBXGroup section */
		1611B32B29E560A700F4937F = {
			isa = PBXGroup;
			children = (
				1611B33629E560A700F4937F /* AviasalesApp */,
				1611B33529E560A700F4937F /* Products */,
			);
			sourceTree = "<group>";
		};
		1611B33529E560A700F4937F /* Products */ = {
			isa = PBXGroup;
			children = (
				1611B33429E560A700F4937F /* AviasalesApp.app */,
			);
			name = Products;
			sourceTree = "<group>";
		};
		1611B33629E560A700F4937F /* AviasalesApp */ = {
			isa = PBXGroup;
			children = (
				1611B35329E81D0F00F4937F /* Application */,
				1611B35A29EA869400F4937F /* View */,
				1611B35B29EA86B000F4937F /* Model */,
				1611B35C29EA86DE00F4937F /* Resourses */,
				1611B34029E560AC00F4937F /* Assets.xcassets */,
				1611B34229E560AC00F4937F /* LaunchScreen.storyboard */,
				1611B34529E560AC00F4937F /* Info.plist */,
			);
			path = AviasalesApp;
			sourceTree = "<group>";
		};
		1611B35329E81D0F00F4937F /* Application */ = {
			isa = PBXGroup;
			children = (
				1611B33729E560A700F4937F /* AppDelegate.swift */,
				1611B33929E560A700F4937F /* SceneDelegate.swift */,
			);
			path = Application;
			sourceTree = "<group>";
		};
		1611B35A29EA869400F4937F /* View */ = {
			isa = PBXGroup;
			children = (
				1611B33B29E560A700F4937F /* ViewController.swift */,
				1611B34F29E6F6D100F4937F /* WhereFrom.swift */,
				1611B34D29E5833000F4937F /* WhereTo.swift */,
				1611B35129E81CED00F4937F /* ChooseCity.swift */,
			);
			path = View;
			sourceTree = "<group>";
		};
		1611B35B29EA86B000F4937F /* Model */ = {
			isa = PBXGroup;
			children = (
				1611B35629E9C73E00F4937F /* Story.swift */,
			);
			path = Model;
			sourceTree = "<group>";
		};
		1611B35C29EA86DE00F4937F /* Resourses */ = {
			isa = PBXGroup;
			children = (
				1611B35829EA84D900F4937F /* APIManager.swift */,
				1611B34B29E56C7800F4937F /* Extension.swift */,
			);
			path = Resourses;
			sourceTree = "<group>";
		};
/* End PBXGroup section */

/* Begin PBXNativeTarget section */
		1611B33329E560A700F4937F /* AviasalesApp */ = {
			isa = PBXNativeTarget;
			buildConfigurationList = 1611B34829E560AC00F4937F /* Build configuration list for PBXNativeTarget "AviasalesApp" */;
			buildPhases = (
				1611B33029E560A700F4937F /* Sources */,
				1611B33129E560A700F4937F /* Frameworks */,
				1611B33229E560A700F4937F /* Resources */,
			);
			buildRules = (
			);
			dependencies = (
			);
			name = AviasalesApp;
			productName = AviasalesApp;
			productReference = 1611B33429E560A700F4937F /* AviasalesApp.app */;
			productType = "com.apple.product-type.application";
		};
/* End PBXNativeTarget section */

/* Begin PBXProject section */
		1611B32C29E560A700F4937F /* Project object */ = {
			isa = PBXProject;
			attributes = {
				BuildIndependentTargetsInParallel = 1;
				LastSwiftUpdateCheck = 1430;
				LastUpgradeCheck = 1430;
				TargetAttributes = {
					1611B33329E560A700F4937F = {
						CreatedOnToolsVersion = 14.3;
					};
				};
			};
			buildConfigurationList = 1611B32F29E560A700F4937F /* Build configuration list for PBXProject "AviasalesApp" */;
			compatibilityVersion = "Xcode 14.0";
			developmentRegion = en;
			hasScannedForEncodings = 0;
			knownRegions = (
				en,
				Base,
			);
			mainGroup = 1611B32B29E560A700F4937F;
			productRefGroup = 1611B33529E560A700F4937F /* Products */;
			projectDirPath = "";
			projectRoot = "";
			targets = (
				1611B33329E560A700F4937F /* AviasalesApp */,
			);
		};
/* End PBXProject section */

/* Begin PBXResourcesBuildPhase section */
		1611B33229E560A700F4937F /* Resources */ = {
			isa = PBXResourcesBuildPhase;
			buildActionMask = 2147483647;
			files = (
				1611B34429E560AC00F4937F /* LaunchScreen.storyboard in Resources */,
				1611B34129E560AC00F4937F /* Assets.xcassets in Resources */,
			);
			runOnlyForDeploymentPostprocessing = 0;
		};
/* End PBXResourcesBuildPhase section */

/* Begin PBXSourcesBuildPhase section */
		1611B33029E560A700F4937F /* Sources */ = {
			isa = PBXSourcesBuildPhase;
			buildActionMask = 2147483647;
			files = (
				1611B35729E9C73E00F4937F /* Story.swift in Sources */,
				1611B33C29E560A700F4937F /* ViewController.swift in Sources */,
				1611B33829E560A700F4937F /* AppDelegate.swift in Sources */,
				1611B34E29E5833000F4937F /* WhereTo.swift in Sources */,
				1611B34C29E56C7800F4937F /* Extension.swift in Sources */,
				1611B33A29E560A700F4937F /* SceneDelegate.swift in Sources */,
				1611B35229E81CED00F4937F /* ChooseCity.swift in Sources */,
				1611B35929EA84D900F4937F /* APIManager.swift in Sources */,
				1611B35029E6F6D100F4937F /* WhereFrom.swift in Sources */,
			);
			runOnlyForDeploymentPostprocessing = 0;
		};
/* End PBXSourcesBuildPhase section */

/* Begin PBXVariantGroup section */
		1611B34229E560AC00F4937F /* LaunchScreen.storyboard */ = {
			isa = PBXVariantGroup;
			children = (
				1611B34329E560AC00F4937F /* Base */,
			);
			name = LaunchScreen.storyboard;
			sourceTree = "<group>";
		};
/* End PBXVariantGroup section */

/* Begin XCBuildConfiguration section */
		1611B34629E560AC00F4937F /* Debug */ = {
			isa = XCBuildConfiguration;
			buildSettings = {
				ALWAYS_SEARCH_USER_PATHS = NO;
				CLANG_ANALYZER_NONNULL = YES;
				CLANG_ANALYZER_NUMBER_OBJECT_CONVERSION = YES_AGGRESSIVE;
				CLANG_CXX_LANGUAGE_STANDARD = "gnu++20";
				CLANG_ENABLE_MODULES = YES;
				CLANG_ENABLE_OBJC_ARC = YES;
				CLANG_ENABLE_OBJC_WEAK = YES;
				CLANG_WARN_BLOCK_CAPTURE_AUTORELEASING = YES;
				CLANG_WARN_BOOL_CONVERSION = YES;
				CLANG_WARN_COMMA = YES;
				CLANG_WARN_CONSTANT_CONVERSION = YES;
				CLANG_WARN_DEPRECATED_OBJC_IMPLEMENTATIONS = YES;
				CLANG_WARN_DIRECT_OBJC_ISA_USAGE = YES_ERROR;
				CLANG_WARN_DOCUMENTATION_COMMENTS = YES;
				CLANG_WARN_EMPTY_BODY = YES;
				CLANG_WARN_ENUM_CONVERSION = YES;
				CLANG_WARN_INFINITE_RECURSION = YES;
				CLANG_WARN_INT_CONVERSION = YES;
				CLANG_WARN_NON_LITERAL_NULL_CONVERSION = YES;
				CLANG_WARN_OBJC_IMPLICIT_RETAIN_SELF = YES;
				CLANG_WARN_OBJC_LITERAL_CONVERSION = YES;
				CLANG_WARN_OBJC_ROOT_CLASS = YES_ERROR;
				CLANG_WARN_QUOTED_INCLUDE_IN_FRAMEWORK_HEADER = YES;
				CLANG_WARN_RANGE_LOOP_ANALYSIS = YES;
				CLANG_WARN_STRICT_PROTOTYPES = YES;
				CLANG_WARN_SUSPICIOUS_MOVE = YES;
				CLANG_WARN_UNGUARDED_AVAILABILITY = YES_AGGRESSIVE;
				CLANG_WARN_UNREACHABLE_CODE = YES;
				CLANG_WARN__DUPLICATE_METHOD_MATCH = YES;
				COPY_PHASE_STRIP = NO;
				DEBUG_INFORMATION_FORMAT = dwarf;
				ENABLE_STRICT_OBJC_MSGSEND = YES;
				ENABLE_TESTABILITY = YES;
				GCC_C_LANGUAGE_STANDARD = gnu11;
				GCC_DYNAMIC_NO_PIC = NO;
				GCC_NO_COMMON_BLOCKS = YES;
				GCC_OPTIMIZATION_LEVEL = 0;
				GCC_PREPROCESSOR_DEFINITIONS = (
					"DEBUG=1",
					"$(inherited)",
				);
				GCC_WARN_64_TO_32_BIT_CONVERSION = YES;
				GCC_WARN_ABOUT_RETURN_TYPE = YES_ERROR;
				GCC_WARN_UNDECLARED_SELECTOR = YES;
				GCC_WARN_UNINITIALIZED_AUTOS = YES_AGGRESSIVE;
				GCC_WARN_UNUSED_FUNCTION = YES;
				GCC_WARN_UNUSED_VARIABLE = YES;
				IPHONEOS_DEPLOYMENT_TARGET = 16.4;
				MTL_ENABLE_DEBUG_INFO = INCLUDE_SOURCE;
				MTL_FAST_MATH = YES;
				ONLY_ACTIVE_ARCH = YES;
				SDKROOT = iphoneos;
				SWIFT_ACTIVE_COMPILATION_CONDITIONS = DEBUG;
				SWIFT_OPTIMIZATION_LEVEL = "-Onone";
			};
			name = Debug;
		};
		1611B34729E560AC00F4937F /* Release */ = {
			isa = XCBuildConfiguration;
			buildSettings = {
				ALWAYS_SEARCH_USER_PATHS = NO;
				CLANG_ANALYZER_NONNULL = YES;
				CLANG_ANALYZER_NUMBER_OBJECT_CONVERSION = YES_AGGRESSIVE;
				CLANG_CXX_LANGUAGE_STANDARD = "gnu++20";
				CLANG_ENABLE_MODULES = YES;
				CLANG_ENABLE_OBJC_ARC = YES;
				CLANG_ENABLE_OBJC_WEAK = YES;
				CLANG_WARN_BLOCK_CAPTURE_AUTORELEASING = YES;
				CLANG_WARN_BOOL_CONVERSION = YES;
				CLANG_WARN_COMMA = YES;
				CLANG_WARN_CONSTANT_CONVERSION = YES;
				CLANG_WARN_DEPRECATED_OBJC_IMPLEMENTATIONS = YES;
				CLANG_WARN_DIRECT_OBJC_ISA_USAGE = YES_ERROR;
				CLANG_WARN_DOCUMENTATION_COMMENTS = YES;
				CLANG_WARN_EMPTY_BODY = YES;
				CLANG_WARN_ENUM_CONVERSION = YES;
				CLANG_WARN_INFINITE_RECURSION = YES;
				CLANG_WARN_INT_CONVERSION = YES;
				CLANG_WARN_NON_LITERAL_NULL_CONVERSION = YES;
				CLANG_WARN_OBJC_IMPLICIT_RETAIN_SELF = YES;
				CLANG_WARN_OBJC_LITERAL_CONVERSION = YES;
				CLANG_WARN_OBJC_ROOT_CLASS = YES_ERROR;
				CLANG_WARN_QUOTED_INCLUDE_IN_FRAMEWORK_HEADER = YES;
				CLANG_WARN_RANGE_LOOP_ANALYSIS = YES;
				CLANG_WARN_STRICT_PROTOTYPES = YES;
				CLANG_WARN_SUSPICIOUS_MOVE = YES;
				CLANG_WARN_UNGUARDED_AVAILABILITY = YES_AGGRESSIVE;
				CLANG_WARN_UNREACHABLE_CODE = YES;
				CLANG_WARN__DUPLICATE_METHOD_MATCH = YES;
				COPY_PHASE_STRIP = NO;
				DEBUG_INFORMATION_FORMAT = "dwarf-with-dsym";
				ENABLE_NS_ASSERTIONS = NO;
				ENABLE_STRICT_OBJC_MSGSEND = YES;
				GCC_C_LANGUAGE_STANDARD = gnu11;
				GCC_NO_COMMON_BLOCKS = YES;
				GCC_WARN_64_TO_32_BIT_CONVERSION = YES;
				GCC_WARN_ABOUT_RETURN_TYPE = YES_ERROR;
				GCC_WARN_UNDECLARED_SELECTOR = YES;
				GCC_WARN_UNINITIALIZED_AUTOS = YES_AGGRESSIVE;
				GCC_WARN_UNUSED_FUNCTION = YES;
				GCC_WARN_UNUSED_VARIABLE = YES;
				IPHONEOS_DEPLOYMENT_TARGET = 16.4;
				MTL_ENABLE_DEBUG_INFO = NO;
				MTL_FAST_MATH = YES;
				SDKROOT = iphoneos;
				SWIFT_COMPILATION_MODE = wholemodule;
				SWIFT_OPTIMIZATION_LEVEL = "-O";
				VALIDATE_PRODUCT = YES;
			};
			name = Release;
		};
		1611B34929E560AC00F4937F /* Debug */ = {
			isa = XCBuildConfiguration;
			buildSettings = {
				ASSETCATALOG_COMPILER_APPICON_NAME = AppIcon;
				ASSETCATALOG_COMPILER_GLOBAL_ACCENT_COLOR_NAME = AccentColor;
				CODE_SIGN_STYLE = Automatic;
				CURRENT_PROJECT_VERSION = 1;
				GENERATE_INFOPLIST_FILE = YES;
				INFOPLIST_FILE = AviasalesApp/Info.plist;
				INFOPLIST_KEY_UIApplicationSupportsIndirectInputEvents = YES;
				INFOPLIST_KEY_UILaunchStoryboardName = LaunchScreen;
				INFOPLIST_KEY_UISupportedInterfaceOrientations_iPad = "UIInterfaceOrientationPortrait UIInterfaceOrientationPortraitUpsideDown UIInterfaceOrientationLandscapeLeft UIInterfaceOrientationLandscapeRight";
				INFOPLIST_KEY_UISupportedInterfaceOrientations_iPhone = "UIInterfaceOrientationPortrait UIInterfaceOrientationLandscapeLeft UIInterfaceOrientationLandscapeRight";
				LD_RUNPATH_SEARCH_PATHS = (
					"$(inherited)",
					"@executable_path/Frameworks",
				);
				MARKETING_VERSION = 1.0;
				PRODUCT_BUNDLE_IDENTIFIER = emilmubarakov.AviasalesApp;
				PRODUCT_NAME = "$(TARGET_NAME)";
				SWIFT_EMIT_LOC_STRINGS = YES;
				SWIFT_VERSION = 5.0;
				TARGETED_DEVICE_FAMILY = "1,2";
			};
			name = Debug;
		};
		1611B34A29E560AC00F4937F /* Release */ = {
			isa = XCBuildConfiguration;
			buildSettings = {
				ASSETCATALOG_COMPILER_APPICON_NAME = AppIcon;
				ASSETCATALOG_COMPILER_GLOBAL_ACCENT_COLOR_NAME = AccentColor;
				CODE_SIGN_STYLE = Automatic;
				CURRENT_PROJECT_VERSION = 1;
				GENERATE_INFOPLIST_FILE = YES;
				INFOPLIST_FILE = AviasalesApp/Info.plist;
				INFOPLIST_KEY_UIApplicationSupportsIndirectInputEvents = YES;
				INFOPLIST_KEY_UILaunchStoryboardName = LaunchScreen;
				INFOPLIST_KEY_UISupportedInterfaceOrientations_iPad = "UIInterfaceOrientationPortrait UIInterfaceOrientationPortraitUpsideDown UIInterfaceOrientationLandscapeLeft UIInterfaceOrientationLandscapeRight";
				INFOPLIST_KEY_UISupportedInterfaceOrientations_iPhone = "UIInterfaceOrientationPortrait UIInterfaceOrientationLandscapeLeft UIInterfaceOrientationLandscapeRight";
				LD_RUNPATH_SEARCH_PATHS = (
					"$(inherited)",
					"@executable_path/Frameworks",
				);
				MARKETING_VERSION = 1.0;
				PRODUCT_BUNDLE_IDENTIFIER = emilmubarakov.AviasalesApp;
				PRODUCT_NAME = "$(TARGET_NAME)";
				SWIFT_EMIT_LOC_STRINGS = YES;
				SWIFT_VERSION = 5.0;
				TARGETED_DEVICE_FAMILY = "1,2";
			};
			name = Release;
		};
/* End XCBuildConfiguration section */

/* Begin XCConfigurationList section */
		1611B32F29E560A700F4937F /* Build configuration list for PBXProject "AviasalesApp" */ = {
			isa = XCConfigurationList;
			buildConfigurations = (
				1611B34629E560AC00F4937F /* Debug */,
				1611B34729E560AC00F4937F /* Release */,
			);
			defaultConfigurationIsVisible = 0;
			defaultConfigurationName = Release;
		};
		1611B34829E560AC00F4937F /* Build configuration list for PBXNativeTarget "AviasalesApp" */ = {
			isa = XCConfigurationList;
			buildConfigurations = (
				1611B34929E560AC00F4937F /* Debug */,
				1611B34A29E560AC00F4937F /* Release */,
			);
			defaultConfigurationIsVisible = 0;
			defaultConfigurationName = Release;
		};
/* End XCConfigurationList section */
	};
	rootObject = 1611B32C29E560A700F4937F /* Project object */;
}
